
Microsoft Visual Studio Solution File, Format Version 12.00
# Visual Studio Version 17
VisualStudioVersion = 17.14.36408.4 d17.14
MinimumVisualStudioVersion = 10.0.40219.1
Project("{FAE04EC0-301F-11D3-BF4B-00C04F79EFBC}") = "Furniture.API", "Furniture.API\Furniture.API.csproj", "{C3B36D4A-8777-45BC-8583-E26BBFE45103}"
EndProject
Project("{FAE04EC0-301F-11D3-BF4B-00C04F79EFBC}") = "Furniture.BLL", "Furniture.BLL\Furniture.BLL.csproj", "{A795F1B4-968F-4FDE-B11B-CBB8A638D84E}"
EndProject
Project("{FAE04EC0-301F-11D3-BF4B-00C04F79EFBC}") = "Furniture.DAL", "Furniture.DAL\Furniture.DAL.csproj", "{F95EA3C1-2475-4FDB-A08D-FBCF2ACA2CB6}"
EndProject
Global
	GlobalSection(SolutionConfigurationPlatforms) = preSolution
		Debug|Any CPU = Debug|Any CPU
		Release|Any CPU = Release|Any CPU
	EndGlobalSection
	GlobalSection(ProjectConfigurationPlatforms) = postSolution
		{C3B36D4A-8777-45BC-8583-E26BBFE45103}.Debug|Any CPU.ActiveCfg = Debug|Any CPU
		{C3B36D4A-8777-45BC-8583-E26BBFE45103}.Debug|Any CPU.Build.0 = Debug|Any CPU
		{C3B36D4A-8777-45BC-8583-E26BBFE45103}.Release|Any CPU.ActiveCfg = Release|Any CPU
		{C3B36D4A-8777-45BC-8583-E26BBFE45103}.Release|Any CPU.Build.0 = Release|Any CPU
		{A795F1B4-968F-4FDE-B11B-CBB8A638D84E}.Debug|Any CPU.ActiveCfg = Debug|Any CPU
		{A795F1B4-968F-4FDE-B11B-CBB8A638D84E}.Debug|Any CPU.Build.0 = Debug|Any CPU
		{A795F1B4-968F-4FDE-B11B-CBB8A638D84E}.Release|Any CPU.ActiveCfg = Release|Any CPU
		{A795F1B4-968F-4FDE-B11B-CBB8A638D84E}.Release|Any CPU.Build.0 = Release|Any CPU
		{F95EA3C1-2475-4FDB-A08D-FBCF2ACA2CB6}.Debug|Any CPU.ActiveCfg = Debug|Any CPU
		{F95EA3C1-2475-4FDB-A08D-FBCF2ACA2CB6}.Debug|Any CPU.Build.0 = Debug|Any CPU
		{F95EA3C1-2475-4FDB-A08D-FBCF2ACA2CB6}.Release|Any CPU.ActiveCfg = Release|Any CPU
		{F95EA3C1-2475-4FDB-A08D-FBCF2ACA2CB6}.Release|Any CPU.Build.0 = Release|Any CPU
	EndGlobalSection
	GlobalSection(SolutionProperties) = preSolution
		HideSolutionNode = FALSE
	EndGlobalSection
	GlobalSection(ExtensibilityGlobals) = postSolution
		SolutionGuid = {5389442E-ECC0-4B8B-A096-48A9BABB8E2C}
	EndGlobalSection
EndGlobal
